<?xml version="1.0" encoding="utf-8"?>
<Project ToolsVersion="4.0" xmlns="http://schemas.microsoft.com/developer/msbuild/2003">
  <ItemGroup>
    <Filter Include="Source Files">
      <UniqueIdentifier>{4FC737F1-C7A5-4376-A066-2A32D752A2FF}</UniqueIdentifier>
      <Extensions>cpp;c;cc;cxx;c++;cppm;ixx;def;odl;idl;hpj;bat;asm;asmx</Extensions>
    </Filter>
    <Filter Include="Header Files">
      <UniqueIdentifier>{93995380-89BD-4b04-88EB-625FBE52EBFB}</UniqueIdentifier>
      <Extensions>h;hh;hpp;hxx;h++;hm;inl;inc;ipp;xsd</Extensions>
    </Filter>
    <Filter Include="Resource Files">
      <UniqueIdentifier>{67DA6AB6-F800-4c08-8B7A-83BB121AAD01}</UniqueIdentifier>
      <Extensions>rc;ico;cur;bmp;dlg;rc2;rct;bin;rgs;gif;jpg;jpeg;jpe;resx;tiff;tif;png;wav;mfcribbon-ms</Extensions>
    </Filter>
  </ItemGroup>
  <ItemGroup>
    <ClCompile Include="CyberCafe.cpp">
      <Filter>Source Files</Filter>
    </ClCompile>
    <ClCompile Include="Computer.cpp">
      <Filter>Source Files</Filter>
    </ClCompile>
    <ClCompile Include="App.cpp">
      <Filter>Source Files</Filter>
    </ClCompile>
    <ClCompile Include="GamingApp.cpp">
      <Filter>Source Files</Filter>
    </ClCompile>
    <ClCompile Include="OfficeApp.cpp">
      <Filter>Source Files</Filter>
    </ClCompile>
    <ClCompile Include="GraphicComputer.cpp">
      <Filter>Source Files</Filter>
    </ClCompile>
    <ClCompile Include="OfficeComputer.cpp">
      <Filter>Source Files</Filter>
    </ClCompile>
    <ClCompile Include="GamingComputer.cpp">
      <Filter>Source Files</Filter>
    </ClCompile>
    <ClCompile Include="ComputerManager.cpp">
      <Filter>Source Files</Filter>
    </ClCompile>
  </ItemGroup>
  <ItemGroup>
    <ClInclude Include="Computer.h">
      <Filter>Header Files</Filter>
    </ClInclude>
    <ClInclude Include="App.h">
      <Filter>Header Files</Filter>
    </ClInclude>
    <ClInclude Include="OSType.h">
      <Filter>Header Files</Filter>
    </ClInclude>
    <ClInclude Include="AppType.h">
      <Filter>Header Files</Filter>
    </ClInclude>
    <ClInclude Include="GamingApp.h">
      <Filter>Header Files</Filter>
    </ClInclude>
    <ClInclude Include="OfficeApp.h">
      <Filter>Header Files</Filter>
    </ClInclude>
    <ClInclude Include="GraphicComputer.h">
      <Filter>Header Files</Filter>
    </ClInclude>
    <ClInclude Include="OfficeComputer.h">
      <Filter>Header Files</Filter>
    </ClInclude>
    <ClInclude Include="GamingComputer.h">
      <Filter>Header Files</Filter>
    </ClInclude>
    <ClInclude Include="ComputerManager.h">
      <Filter>Header Files</Filter>
    </ClInclude>
  </ItemGroup>
</Project>